
Microsoft Visual Studio Solution File, Format Version 12.00
# Visual Studio Version 16
VisualStudioVersion = 16.0.29009.5
MinimumVisualStudioVersion = 10.0.40219.1
Project("{9A19103F-16F7-4668-BE54-9A1E7A4F7556}") = "ImagenesRivera.Products.Host", "ImagenesRivera.Products.Host\ImagenesRivera.Products.Host.csproj", "{799B73C3-07D9-4A0D-ABEA-8598651265D5}"
EndProject
Global
	GlobalSection(SolutionConfigurationPlatforms) = preSolution
		Debug|Any CPU = Debug|Any CPU
		Release|Any CPU = Release|Any CPU
	EndGlobalSection
	GlobalSection(ProjectConfigurationPlatforms) = postSolution
		{799B73C3-07D9-4A0D-ABEA-8598651265D5}.Debug|Any CPU.ActiveCfg = Debug|Any CPU
		{799B73C3-07D9-4A0D-ABEA-8598651265D5}.Debug|Any CPU.Build.0 = Debug|Any CPU
		{799B73C3-07D9-4A0D-ABEA-8598651265D5}.Release|Any CPU.ActiveCfg = Release|Any CPU
		{799B73C3-07D9-4A0D-ABEA-8598651265D5}.Release|Any CPU.Build.0 = Release|Any CPU
	EndGlobalSection
	GlobalSection(SolutionProperties) = preSolution
		HideSolutionNode = FALSE
	EndGlobalSection
	GlobalSection(ExtensibilityGlobals) = postSolution
		SolutionGuid = {3C337619-895F-4B9B-9C51-DA534A385669}
	EndGlobalSection
EndGlobal
